
Microsoft Visual Studio Solution File, Format Version 12.00
# Visual Studio Version 17
VisualStudioVersion = 17.8.34330.188
MinimumVisualStudioVersion = 10.0.40219.1
Project("{2150E333-8FDC-42A3-9474-1A3956D46DE8}") = "Solution Items", "Solution Items", "{C93BE754-731F-424C-82AC-B4C4BE19C901}"
	ProjectSection(SolutionItems) = preProject
		.editorconfig = .editorconfig
		appveyor.yml = appveyor.yml
		CHANGELOG.md = CHANGELOG.md
		publishManifest.json = publishManifest.json
		README.md = README.md
	EndProjectSection
EndProject
Project("{FAE04EC0-301F-11D3-BF4B-00C04F79EFBC}") = "WebDeployParametersToolkit", "WebDeployParametersToolkit\WebDeployParametersToolkit.csproj", "{05907860-BD17-4400-9B35-6BB7456373D9}"
EndProject
Project("{FAE04EC0-301F-11D3-BF4B-00C04F79EFBC}") = "WebDeployParametersToolkit.Tests", "WebDeployParametersToolkit.Tests\WebDeployParametersToolkit.Tests.csproj", "{DDDC2CB3-CD23-4167-886C-E4063CBAC3CD}"
EndProject
Global
	GlobalSection(SolutionConfigurationPlatforms) = preSolution
		Debug|Any CPU = Debug|Any CPU
		Release|Any CPU = Release|Any CPU
	EndGlobalSection
	GlobalSection(ProjectConfigurationPlatforms) = postSolution
		{05907860-BD17-4400-9B35-6BB7456373D9}.Debug|Any CPU.ActiveCfg = Debug|Any CPU
		{05907860-BD17-4400-9B35-6BB7456373D9}.Debug|Any CPU.Build.0 = Debug|Any CPU
		{05907860-BD17-4400-9B35-6BB7456373D9}.Release|Any CPU.ActiveCfg = Release|Any CPU
		{05907860-BD17-4400-9B35-6BB7456373D9}.Release|Any CPU.Build.0 = Release|Any CPU
		{DDDC2CB3-CD23-4167-886C-E4063CBAC3CD}.Debug|Any CPU.ActiveCfg = Debug|Any CPU
		{DDDC2CB3-CD23-4167-886C-E4063CBAC3CD}.Debug|Any CPU.Build.0 = Debug|Any CPU
		{DDDC2CB3-CD23-4167-886C-E4063CBAC3CD}.Release|Any CPU.ActiveCfg = Release|Any CPU
		{DDDC2CB3-CD23-4167-886C-E4063CBAC3CD}.Release|Any CPU.Build.0 = Release|Any CPU
	EndGlobalSection
	GlobalSection(SolutionProperties) = preSolution
		HideSolutionNode = FALSE
	EndGlobalSection
	GlobalSection(ExtensibilityGlobals) = postSolution
		SolutionGuid = {5D6F3A30-863F-4D25-B421-9C0499D51E64}
	EndGlobalSection
EndGlobal
